// !$*UTF8*$!
{
	archiveVersion = 1;
	classes = {
	};
	objectVersion = 50;
	objects = {

/* Begin PBXBuildFile section */
		6196F70B2271971500E71D1A /* EmployeeListViewModel.swift in Sources */ = {isa = PBXBuildFile; fileRef = 6196F70A2271971500E71D1A /* EmployeeListViewModel.swift */; };
		6196F70D227197A200E71D1A /* Coordinator.swift in Sources */ = {isa = PBXBuildFile; fileRef = 6196F70C227197A200E71D1A /* Coordinator.swift */; };
		6196F7102271984100E71D1A /* EmployeeListViewControllerFactory.swift in Sources */ = {isa = PBXBuildFile; fileRef = 6196F70F2271984100E71D1A /* EmployeeListViewControllerFactory.swift */; };
		6196F7392272324200E71D1A /* AppDelegate.swift in Sources */ = {isa = PBXBuildFile; fileRef = 6196F7382272324200E71D1A /* AppDelegate.swift */; };
		6196F73C2272337300E71D1A /* EmployeeListCell.swift in Sources */ = {isa = PBXBuildFile; fileRef = 6196F73B2272337300E71D1A /* EmployeeListCell.swift */; };
		6196F73F227257D700E71D1A /* UIView+Extension.swift in Sources */ = {isa = PBXBuildFile; fileRef = 6196F73E227257D700E71D1A /* UIView+Extension.swift */; };
		61B8C152226F6B9000D4564E /* Assets.xcassets in Resources */ = {isa = PBXBuildFile; fileRef = 61B8C151226F6B9000D4564E /* Assets.xcassets */; };
		61B8C155226F6B9000D4564E /* LaunchScreen.storyboard in Resources */ = {isa = PBXBuildFile; fileRef = 61B8C153226F6B9000D4564E /* LaunchScreen.storyboard */; };
		61B8C15F226F6BAD00D4564E /* Employee.m in Sources */ = {isa = PBXBuildFile; fileRef = 61B8C15E226F6BAD00D4564E /* Employee.m */; };
		61B8C165226F6C4D00D4564E /* EmployeeDirectory.m in Sources */ = {isa = PBXBuildFile; fileRef = 61B8C164226F6C4D00D4564E /* EmployeeDirectory.m */; };
		61B8C168226F6C7900D4564E /* EmployeeListViewController.swift in Sources */ = {isa = PBXBuildFile; fileRef = 61B8C167226F6C7900D4564E /* EmployeeListViewController.swift */; };
/* End PBXBuildFile section */

/* Begin PBXFileReference section */
		6196F70A2271971500E71D1A /* EmployeeListViewModel.swift */ = {isa = PBXFileReference; lastKnownFileType = sourcecode.swift; path = EmployeeListViewModel.swift; sourceTree = "<group>"; };
		6196F70C227197A200E71D1A /* Coordinator.swift */ = {isa = PBXFileReference; lastKnownFileType = sourcecode.swift; path = Coordinator.swift; sourceTree = "<group>"; };
		6196F70F2271984100E71D1A /* EmployeeListViewControllerFactory.swift */ = {isa = PBXFileReference; lastKnownFileType = sourcecode.swift; path = EmployeeListViewControllerFactory.swift; sourceTree = "<group>"; };
		6196F7382272324200E71D1A /* AppDelegate.swift */ = {isa = PBXFileReference; lastKnownFileType = sourcecode.swift; path = AppDelegate.swift; sourceTree = "<group>"; };
		6196F73B2272337300E71D1A /* EmployeeListCell.swift */ = {isa = PBXFileReference; lastKnownFileType = sourcecode.swift; path = EmployeeListCell.swift; sourceTree = "<group>"; };
		6196F73E227257D700E71D1A /* UIView+Extension.swift */ = {isa = PBXFileReference; fileEncoding = 4; lastKnownFileType = sourcecode.swift; path = "UIView+Extension.swift"; sourceTree = "<group>"; };
		61B8C145226F6B8F00D4564E /* BunqTest.app */ = {isa = PBXFileReference; explicitFileType = wrapper.application; includeInIndex = 0; path = BunqTest.app; sourceTree = BUILT_PRODUCTS_DIR; };
		61B8C151226F6B9000D4564E /* Assets.xcassets */ = {isa = PBXFileReference; lastKnownFileType = folder.assetcatalog; path = Assets.xcassets; sourceTree = "<group>"; };
		61B8C154226F6B9000D4564E /* Base */ = {isa = PBXFileReference; lastKnownFileType = file.storyboard; name = Base; path = Base.lproj/LaunchScreen.storyboard; sourceTree = "<group>"; };
		61B8C156226F6B9000D4564E /* Info.plist */ = {isa = PBXFileReference; lastKnownFileType = text.plist.xml; path = Info.plist; sourceTree = "<group>"; };
		61B8C15E226F6BAD00D4564E /* Employee.m */ = {isa = PBXFileReference; lastKnownFileType = sourcecode.c.objc; path = Employee.m; sourceTree = "<group>"; };
		61B8C161226F6BED00D4564E /* Employee.h */ = {isa = PBXFileReference; lastKnownFileType = sourcecode.c.h; path = Employee.h; sourceTree = "<group>"; };
		61B8C163226F6C2300D4564E /* EmployeeDirectory.h */ = {isa = PBXFileReference; lastKnownFileType = sourcecode.c.h; path = EmployeeDirectory.h; sourceTree = "<group>"; };
		61B8C164226F6C4D00D4564E /* EmployeeDirectory.m */ = {isa = PBXFileReference; lastKnownFileType = sourcecode.c.objc; path = EmployeeDirectory.m; sourceTree = "<group>"; };
		61B8C166226F6C7900D4564E /* BunqTest-Bridging-Header.h */ = {isa = PBXFileReference; lastKnownFileType = sourcecode.c.h; path = "BunqTest-Bridging-Header.h"; sourceTree = "<group>"; };
		61B8C167226F6C7900D4564E /* EmployeeListViewController.swift */ = {isa = PBXFileReference; lastKnownFileType = sourcecode.swift; path = EmployeeListViewController.swift; sourceTree = "<group>"; };
/* End PBXFileReference section */

/* Begin PBXFrameworksBuildPhase section */
		61B8C142226F6B8F00D4564E /* Frameworks */ = {
			isa = PBXFrameworksBuildPhase;
			buildActionMask = 2147483647;
			files = (
			);
			runOnlyForDeploymentPostprocessing = 0;
		};
/* End PBXFrameworksBuildPhase section */

/* Begin PBXGroup section */
		6196F707227196DE00E71D1A /* Scenes */ = {
			isa = PBXGroup;
			children = (
				6196F70C227197A200E71D1A /* Coordinator.swift */,
				6196F73A2272335F00E71D1A /* Cells */,
				6196F708227196F400E71D1A /* EmployeeList */,
			);
			path = Scenes;
			sourceTree = "<group>";
		};
		6196F708227196F400E71D1A /* EmployeeList */ = {
			isa = PBXGroup;
			children = (
				61B8C162226F6C1200D4564E /* EmployeeDirectory */,
				6196F70A2271971500E71D1A /* EmployeeListViewModel.swift */,
				61B8C167226F6C7900D4564E /* EmployeeListViewController.swift */,
			);
			path = EmployeeList;
			sourceTree = "<group>";
		};
		6196F709227196FC00E71D1A /* Models */ = {
			isa = PBXGroup;
			children = (
				61B8C160226F6BDC00D4564E /* Employee */,
			);
			path = Models;
			sourceTree = "<group>";
		};
		6196F70E2271981200E71D1A /* Factories */ = {
			isa = PBXGroup;
			children = (
				6196F70F2271984100E71D1A /* EmployeeListViewControllerFactory.swift */,
			);
			path = Factories;
			sourceTree = "<group>";
		};
		6196F73A2272335F00E71D1A /* Cells */ = {
			isa = PBXGroup;
			children = (
				6196F73B2272337300E71D1A /* EmployeeListCell.swift */,
			);
			path = Cells;
			sourceTree = "<group>";
		};
		6196F73D227257C900E71D1A /* Extensions */ = {
			isa = PBXGroup;
			children = (
				6196F73E227257D700E71D1A /* UIView+Extension.swift */,
			);
			path = Extensions;
			sourceTree = "<group>";
		};
		61B8C13C226F6B8F00D4564E = {
			isa = PBXGroup;
			children = (
				61B8C147226F6B8F00D4564E /* BunqTest */,
				61B8C146226F6B8F00D4564E /* Products */,
			);
			sourceTree = "<group>";
		};
		61B8C146226F6B8F00D4564E /* Products */ = {
			isa = PBXGroup;
			children = (
				61B8C145226F6B8F00D4564E /* BunqTest.app */,
			);
			name = Products;
			sourceTree = "<group>";
		};
		61B8C147226F6B8F00D4564E /* BunqTest */ = {
			isa = PBXGroup;
			children = (
				6196F7382272324200E71D1A /* AppDelegate.swift */,
				61B8C151226F6B9000D4564E /* Assets.xcassets */,
				61B8C153226F6B9000D4564E /* LaunchScreen.storyboard */,
				61B8C156226F6B9000D4564E /* Info.plist */,
				6196F73D227257C900E71D1A /* Extensions */,
				6196F70E2271981200E71D1A /* Factories */,
				6196F709227196FC00E71D1A /* Models */,
				6196F707227196DE00E71D1A /* Scenes */,
				61B8C166226F6C7900D4564E /* BunqTest-Bridging-Header.h */,
			);
			path = BunqTest;
			sourceTree = "<group>";
		};
		61B8C160226F6BDC00D4564E /* Employee */ = {
			isa = PBXGroup;
			children = (
				61B8C161226F6BED00D4564E /* Employee.h */,
				61B8C15E226F6BAD00D4564E /* Employee.m */,
			);
			path = Employee;
			sourceTree = "<group>";
		};
		61B8C162226F6C1200D4564E /* EmployeeDirectory */ = {
			isa = PBXGroup;
			children = (
				61B8C163226F6C2300D4564E /* EmployeeDirectory.h */,
				61B8C164226F6C4D00D4564E /* EmployeeDirectory.m */,
			);
			path = EmployeeDirectory;
			sourceTree = "<group>";
		};
/* End PBXGroup section */

/* Begin PBXNativeTarget section */
		61B8C144226F6B8F00D4564E /* BunqTest */ = {
			isa = PBXNativeTarget;
			buildConfigurationList = 61B8C15B226F6B9000D4564E /* Build configuration list for PBXNativeTarget "BunqTest" */;
			buildPhases = (
				61B8C141226F6B8F00D4564E /* Sources */,
				61B8C142226F6B8F00D4564E /* Frameworks */,
				61B8C143226F6B8F00D4564E /* Resources */,
			);
			buildRules = (
			);
			dependencies = (
			);
			name = BunqTest;
			productName = BunqTest;
			productReference = 61B8C145226F6B8F00D4564E /* BunqTest.app */;
			productType = "com.apple.product-type.application";
		};
/* End PBXNativeTarget section */

/* Begin PBXProject section */
		61B8C13D226F6B8F00D4564E /* Project object */ = {
			isa = PBXProject;
			attributes = {
				LastUpgradeCheck = 1010;
				ORGANIZATIONNAME = eironeia;
				TargetAttributes = {
					61B8C144226F6B8F00D4564E = {
						CreatedOnToolsVersion = 10.1;
						LastSwiftMigration = 1010;
					};
				};
			};
			buildConfigurationList = 61B8C140226F6B8F00D4564E /* Build configuration list for PBXProject "BunqTest" */;
			compatibilityVersion = "Xcode 9.3";
			developmentRegion = en;
			hasScannedForEncodings = 0;
			knownRegions = (
				en,
				Base,
			);
			mainGroup = 61B8C13C226F6B8F00D4564E;
			productRefGroup = 61B8C146226F6B8F00D4564E /* Products */;
			projectDirPath = "";
			projectRoot = "";
			targets = (
				61B8C144226F6B8F00D4564E /* BunqTest */,
			);
		};
/* End PBXProject section */

/* Begin PBXResourcesBuildPhase section */
		61B8C143226F6B8F00D4564E /* Resources */ = {
			isa = PBXResourcesBuildPhase;
			buildActionMask = 2147483647;
			files = (
				61B8C155226F6B9000D4564E /* LaunchScreen.storyboard in Resources */,
				61B8C152226F6B9000D4564E /* Assets.xcassets in Resources */,
			);
			runOnlyForDeploymentPostprocessing = 0;
		};
/* End PBXResourcesBuildPhase section */

/* Begin PBXSourcesBuildPhase section */
		61B8C141226F6B8F00D4564E /* Sources */ = {
			isa = PBXSourcesBuildPhase;
			buildActionMask = 2147483647;
			files = (
				6196F7102271984100E71D1A /* EmployeeListViewControllerFactory.swift in Sources */,
				61B8C168226F6C7900D4564E /* EmployeeListViewController.swift in Sources */,
				61B8C165226F6C4D00D4564E /* EmployeeDirectory.m in Sources */,
				6196F73F227257D700E71D1A /* UIView+Extension.swift in Sources */,
				6196F7392272324200E71D1A /* AppDelegate.swift in Sources */,
				61B8C15F226F6BAD00D4564E /* Employee.m in Sources */,
				6196F73C2272337300E71D1A /* EmployeeListCell.swift in Sources */,
				6196F70B2271971500E71D1A /* EmployeeListViewModel.swift in Sources */,
				6196F70D227197A200E71D1A /* Coordinator.swift in Sources */,
			);
			runOnlyForDeploymentPostprocessing = 0;
		};
/* End PBXSourcesBuildPhase section */

/* Begin PBXVariantGroup section */
		61B8C153226F6B9000D4564E /* LaunchScreen.storyboard */ = {
			isa = PBXVariantGroup;
			children = (
				61B8C154226F6B9000D4564E /* Base */,
			);
			name = LaunchScreen.storyboard;
			sourceTree = "<group>";
		};
/* End PBXVariantGroup section */

/* Begin XCBuildConfiguration section */
		61B8C159226F6B9000D4564E /* Debug */ = {
			isa = XCBuildConfiguration;
			buildSettings = {
				ALWAYS_SEARCH_USER_PATHS = NO;
				CLANG_ANALYZER_NONNULL = YES;
				CLANG_ANALYZER_NUMBER_OBJECT_CONVERSION = YES_AGGRESSIVE;
				CLANG_CXX_LANGUAGE_STANDARD = "gnu++14";
				CLANG_CXX_LIBRARY = "libc++";
				CLANG_ENABLE_MODULES = YES;
				CLANG_ENABLE_OBJC_ARC = YES;
				CLANG_ENABLE_OBJC_WEAK = YES;
				CLANG_WARN_BLOCK_CAPTURE_AUTORELEASING = YES;
				CLANG_WARN_BOOL_CONVERSION = YES;
				CLANG_WARN_COMMA = YES;
				CLANG_WARN_CONSTANT_CONVERSION = YES;
				CLANG_WARN_DEPRECATED_OBJC_IMPLEMENTATIONS = YES;
				CLANG_WARN_DIRECT_OBJC_ISA_USAGE = YES_ERROR;
				CLANG_WARN_DOCUMENTATION_COMMENTS = YES;
				CLANG_WARN_EMPTY_BODY = YES;
				CLANG_WARN_ENUM_CONVERSION = YES;
				CLANG_WARN_INFINITE_RECURSION = YES;
				CLANG_WARN_INT_CONVERSION = YES;
				CLANG_WARN_NON_LITERAL_NULL_CONVERSION = YES;
				CLANG_WARN_OBJC_IMPLICIT_RETAIN_SELF = YES;
				CLANG_WARN_OBJC_LITERAL_CONVERSION = YES;
				CLANG_WARN_OBJC_ROOT_CLASS = YES_ERROR;
				CLANG_WARN_RANGE_LOOP_ANALYSIS = YES;
				CLANG_WARN_STRICT_PROTOTYPES = YES;
				CLANG_WARN_SUSPICIOUS_MOVE = YES;
				CLANG_WARN_UNGUARDED_AVAILABILITY = YES_AGGRESSIVE;
				CLANG_WARN_UNREACHABLE_CODE = YES;
				CLANG_WARN__DUPLICATE_METHOD_MATCH = YES;
				CODE_SIGN_IDENTITY = "iPhone Developer";
				COPY_PHASE_STRIP = NO;
				DEBUG_INFORMATION_FORMAT = dwarf;
				ENABLE_STRICT_OBJC_MSGSEND = YES;
				ENABLE_TESTABILITY = YES;
				GCC_C_LANGUAGE_STANDARD = gnu11;
				GCC_DYNAMIC_NO_PIC = NO;
				GCC_NO_COMMON_BLOCKS = YES;
				GCC_OPTIMIZATION_LEVEL = 0;
				GCC_PREPROCESSOR_DEFINITIONS = (
					"DEBUG=1",
					"$(inherited)",
				);
				GCC_WARN_64_TO_32_BIT_CONVERSION = YES;
				GCC_WARN_ABOUT_RETURN_TYPE = YES_ERROR;
				GCC_WARN_UNDECLARED_SELECTOR = YES;
				GCC_WARN_UNINITIALIZED_AUTOS = YES_AGGRESSIVE;
				GCC_WARN_UNUSED_FUNCTION = YES;
				GCC_WARN_UNUSED_VARIABLE = YES;
				IPHONEOS_DEPLOYMENT_TARGET = 12.1;
				MTL_ENABLE_DEBUG_INFO = INCLUDE_SOURCE;
				MTL_FAST_MATH = YES;
				ONLY_ACTIVE_ARCH = YES;
				SDKROOT = iphoneos;
			};
			name = Debug;
		};
		61B8C15A226F6B9000D4564E /* Release */ = {
			isa = XCBuildConfiguration;
			buildSettings = {
				ALWAYS_SEARCH_USER_PATHS = NO;
				CLANG_ANALYZER_NONNULL = YES;
				CLANG_ANALYZER_NUMBER_OBJECT_CONVERSION = YES_AGGRESSIVE;
				CLANG_CXX_LANGUAGE_STANDARD = "gnu++14";
				CLANG_CXX_LIBRARY = "libc++";
				CLANG_ENABLE_MODULES = YES;
				CLANG_ENABLE_OBJC_ARC = YES;
				CLANG_ENABLE_OBJC_WEAK = YES;
				CLANG_WARN_BLOCK_CAPTURE_AUTORELEASING = YES;
				CLANG_WARN_BOOL_CONVERSION = YES;
				CLANG_WARN_COMMA = YES;
				CLANG_WARN_CONSTANT_CONVERSION = YES;
				CLANG_WARN_DEPRECATED_OBJC_IMPLEMENTATIONS = YES;
				CLANG_WARN_DIRECT_OBJC_ISA_USAGE = YES_ERROR;
				CLANG_WARN_DOCUMENTATION_COMMENTS = YES;
				CLANG_WARN_EMPTY_BODY = YES;
				CLANG_WARN_ENUM_CONVERSION = YES;
				CLANG_WARN_INFINITE_RECURSION = YES;
				CLANG_WARN_INT_CONVERSION = YES;
				CLANG_WARN_NON_LITERAL_NULL_CONVERSION = YES;
				CLANG_WARN_OBJC_IMPLICIT_RETAIN_SELF = YES;
				CLANG_WARN_OBJC_LITERAL_CONVERSION = YES;
				CLANG_WARN_OBJC_ROOT_CLASS = YES_ERROR;
				CLANG_WARN_RANGE_LOOP_ANALYSIS = YES;
				CLANG_WARN_STRICT_PROTOTYPES = YES;
				CLANG_WARN_SUSPICIOUS_MOVE = YES;
				CLANG_WARN_UNGUARDED_AVAILABILITY = YES_AGGRESSIVE;
				CLANG_WARN_UNREACHABLE_CODE = YES;
				CLANG_WARN__DUPLICATE_METHOD_MATCH = YES;
				CODE_SIGN_IDENTITY = "iPhone Developer";
				COPY_PHASE_STRIP = NO;
				DEBUG_INFORMATION_FORMAT = "dwarf-with-dsym";
				ENABLE_NS_ASSERTIONS = NO;
				ENABLE_STRICT_OBJC_MSGSEND = YES;
				GCC_C_LANGUAGE_STANDARD = gnu11;
				GCC_NO_COMMON_BLOCKS = YES;
				GCC_WARN_64_TO_32_BIT_CONVERSION = YES;
				GCC_WARN_ABOUT_RETURN_TYPE = YES_ERROR;
				GCC_WARN_UNDECLARED_SELECTOR = YES;
				GCC_WARN_UNINITIALIZED_AUTOS = YES_AGGRESSIVE;
				GCC_WARN_UNUSED_FUNCTION = YES;
				GCC_WARN_UNUSED_VARIABLE = YES;
				IPHONEOS_DEPLOYMENT_TARGET = 12.1;
				MTL_ENABLE_DEBUG_INFO = NO;
				MTL_FAST_MATH = YES;
				SDKROOT = iphoneos;
				VALIDATE_PRODUCT = YES;
			};
			name = Release;
		};
		61B8C15C226F6B9000D4564E /* Debug */ = {
			isa = XCBuildConfiguration;
			buildSettings = {
				ASSETCATALOG_COMPILER_APPICON_NAME = AppIcon;
				CLANG_ENABLE_MODULES = YES;
				CODE_SIGN_STYLE = Automatic;
				INFOPLIST_FILE = BunqTest/Info.plist;
				LD_RUNPATH_SEARCH_PATHS = (
					"$(inherited)",
					"@executable_path/Frameworks",
				);
				PRODUCT_BUNDLE_IDENTIFIER = com.eironeia.BunqTest;
				PRODUCT_NAME = "$(TARGET_NAME)";
				SWIFT_OBJC_BRIDGING_HEADER = "BunqTest/BunqTest-Bridging-Header.h";
				SWIFT_OPTIMIZATION_LEVEL = "-Onone";
				SWIFT_VERSION = 4.2;
				TARGETED_DEVICE_FAMILY = "1,2";
			};
			name = Debug;
		};
		61B8C15D226F6B9000D4564E /* Release */ = {
			isa = XCBuildConfiguration;
			buildSettings = {
				ASSETCATALOG_COMPILER_APPICON_NAME = AppIcon;
				CLANG_ENABLE_MODULES = YES;
				CODE_SIGN_STYLE = Automatic;
				INFOPLIST_FILE = BunqTest/Info.plist;
				LD_RUNPATH_SEARCH_PATHS = (
					"$(inherited)",
					"@executable_path/Frameworks",
				);
				PRODUCT_BUNDLE_IDENTIFIER = com.eironeia.BunqTest;
				PRODUCT_NAME = "$(TARGET_NAME)";
				SWIFT_OBJC_BRIDGING_HEADER = "BunqTest/BunqTest-Bridging-Header.h";
				SWIFT_VERSION = 4.2;
				TARGETED_DEVICE_FAMILY = "1,2";
			};
			name = Release;
		};
/* End XCBuildConfiguration section */

/* Begin XCConfigurationList section */
		61B8C140226F6B8F00D4564E /* Build configuration list for PBXProject "BunqTest" */ = {
			isa = XCConfigurationList;
			buildConfigurations = (
				61B8C159226F6B9000D4564E /* Debug */,
				61B8C15A226F6B9000D4564E /* Release */,
			);
			defaultConfigurationIsVisible = 0;
			defaultConfigurationName = Release;
		};
		61B8C15B226F6B9000D4564E /* Build configuration list for PBXNativeTarget "BunqTest" */ = {
			isa = XCConfigurationList;
			buildConfigurations = (
				61B8C15C226F6B9000D4564E /* Debug */,
				61B8C15D226F6B9000D4564E /* Release */,
			);
			defaultConfigurationIsVisible = 0;
			defaultConfigurationName = Release;
		};
/* End XCConfigurationList section */
	};
	rootObject = 61B8C13D226F6B8F00D4564E /* Project object */;
}
